# @generated by Move, please check-in and do not edit manually.

[move]
version = 2
manifest_digest = "EEDCFABC677DE4C5A02EBFCE257667E45CBA8979D531A3FD1990BD2347D9DC47"
deps_digest = "F8BBB0CCB2491CA29A3DF03D6F92277A4F3574266507ACD77214D37ECA3F3082"
dependencies = [
  { name = "Sui" },
]

[[move.package]]
name = "MoveStdlib"
source = { git = "https://github.com/MystenLabs/sui.git", rev = "framework/testnet", subdir = "crates/sui-framework/packages/move-stdlib" }

[[move.package]]
name = "Sui"
source = { git = "https://github.com/MystenLabs/sui.git", rev = "framework/testnet", subdir = "crates/sui-framework/packages/sui-framework" }

dependencies = [
  { name = "MoveStdlib" },
]

[move.toolchain-version]
compiler-version = "1.25.0"
edition = "2024.beta"
flavor = "sui"

[env]

[env.testnet]
chain-id = "4c78adac"
original-published-id = "0xcfef1ebbdde66f38daa838cf769313ba869f3b9750d645094bc7bdeb5bbb830a"
latest-published-id = "0xcfef1ebbdde66f38daa838cf769313ba869f3b9750d645094bc7bdeb5bbb830a"
published-version = "1"
