# @generated by Move, please check-in and do not edit manually.

[move]
version = 2
manifest_digest = "E83E80E87E548A4C97F256C047B92C4620549E61D970B0034A8282E9C86E0D2E"
deps_digest = "F8BBB0CCB2491CA29A3DF03D6F92277A4F3574266507ACD77214D37ECA3F3082"
dependencies = [
  { name = "Sui" },
]

[[move.package]]
name = "MoveStdlib"
source = { git = "https://github.com/MystenLabs/sui.git", rev = "framework/testnet", subdir = "crates/sui-framework/packages/move-stdlib" }

[[move.package]]
name = "Sui"
source = { git = "https://github.com/MystenLabs/sui.git", rev = "framework/testnet", subdir = "crates/sui-framework/packages/sui-framework" }

dependencies = [
  { name = "MoveStdlib" },
]

[move.toolchain-version]
compiler-version = "1.25.0"
edition = "2024.beta"
flavor = "sui"

[env]

[env.testnet]
chain-id = "4c78adac"
original-published-id = "0x1d2acf68fdd5f53a4d40b38164f18ed00d05464335d712768865ca6519629b38"
latest-published-id = "0x1d2acf68fdd5f53a4d40b38164f18ed00d05464335d712768865ca6519629b38"
published-version = "1"
