# @generated by Move, please check-in and do not edit manually.

[move]
version = 2
manifest_digest = "DEB8CA9C1231A170DEBB40ECBA54A7215BAA642D4FC117F8B437E8C452A73F1C"
deps_digest = "3C4103934B1E040BB6B23F1D610B4EF9F2F1166A50A104EADCF77467C004C600"
dependencies = [
  { name = "Amm" },
  { name = "Sui" },
]

[[move.package]]
name = "Amm"
source = { local = "../amm" }

dependencies = [
  { name = "Sui" },
]

[[move.package]]
name = "MoveStdlib"
source = { git = "https://github.com/MystenLabs/sui.git", rev = "framework/testnet", subdir = "crates/sui-framework/packages/move-stdlib" }

[[move.package]]
name = "Sui"
source = { git = "https://github.com/MystenLabs/sui.git", rev = "framework/testnet", subdir = "crates/sui-framework/packages/sui-framework" }

dependencies = [
  { name = "MoveStdlib" },
]

[move.toolchain-version]
compiler-version = "1.26.0"
edition = "2024.beta"
flavor = "sui"

[env]

[env.testnet]
chain-id = "4c78adac"
original-published-id = "0xaa0445d80b2a1a1a8656c30d719249d5b0d318f8973b1b9e2a5d1dba4af2e9a8"
latest-published-id = "0xaa0445d80b2a1a1a8656c30d719249d5b0d318f8973b1b9e2a5d1dba4af2e9a8"
published-version = "1"

[env.devnet]
chain-id = "b3f81552"
original-published-id = "0xbbff2426e6dc75bc08da8cd03364d740adbd3fee94287a3a21015cbcbe70f90d"
latest-published-id = "0xbbff2426e6dc75bc08da8cd03364d740adbd3fee94287a3a21015cbcbe70f90d"
published-version = "1"

[env.mainnet]
chain-id = "35834a8a"
original-published-id = "0xc8eea89fc8cf797e7cb9b948b74a621c5310fde73c78223636f572ab2c941913"
latest-published-id = "0xc8eea89fc8cf797e7cb9b948b74a621c5310fde73c78223636f572ab2c941913"
published-version = "1"
