# @generated by Move, please check-in and do not edit manually.

[move]
version = 2
manifest_digest = "A6A3C9B6B3487E2A983B4AB48BEEF6544F71AC8660C464DE0275500F8E4CF72A"
deps_digest = "3C4103934B1E040BB6B23F1D610B4EF9F2F1166A50A104EADCF77467C004C600"
dependencies = [
  { name = "Amm" },
  { name = "Sui" },
]

[[move.package]]
name = "Amm"
source = { local = "../amm" }

dependencies = [
  { name = "Sui" },
]

[[move.package]]
name = "MoveStdlib"
source = { git = "https://github.com/MystenLabs/sui.git", rev = "framework/testnet", subdir = "crates/sui-framework/packages/move-stdlib" }

[[move.package]]
name = "Sui"
source = { git = "https://github.com/MystenLabs/sui.git", rev = "framework/testnet", subdir = "crates/sui-framework/packages/sui-framework" }

dependencies = [
  { name = "MoveStdlib" },
]

[move.toolchain-version]
compiler-version = "1.25.0"
edition = "2024.beta"
flavor = "sui"

[env]

[env.testnet]
chain-id = "4c78adac"
original-published-id = "0x546405a903c3fbe38becc12c5ee4f4b02012fe64dd889f0ae5db2cbabd2316cb"
latest-published-id = "0x546405a903c3fbe38becc12c5ee4f4b02012fe64dd889f0ae5db2cbabd2316cb"
published-version = "1"

[env.devnet]
chain-id = "b3f81552"
original-published-id = "0x05634a329a8fe7c18af5a064ee284e3bbdcc31f631a94801d20f764881806394"
latest-published-id = "0x05634a329a8fe7c18af5a064ee284e3bbdcc31f631a94801d20f764881806394"
published-version = "1"
